PODS:
  - Alamofire (5.4.4)
  - CocoaLumberjack (3.7.4):
    - CocoaLumberjack/Core (= 3.7.4)
  - CocoaLumberjack/Core (3.7.4)
  - SDWebImage (5.12.1):
    - SDWebImage/Core (= 5.12.1)
  - SDWebImage/Core (5.12.1)
  - SVGKit (2.1.0):
    - CocoaLumberjack (~> 3.0)
  - SwiftLint (0.43.1)

DEPENDENCIES:
  - Alamofire (~> 5.4.3)
  - SDWebImage (~> 5.0)
  - SVGKit (from `https://github.com/SVGKit/SVGKit.git`, branch `2.x`)
  - SwiftLint (~> 0.43.1)

SPEC REPOS:
  trunk:
    - Alamofire
    - CocoaLumberjack
    - SDWebImage
    - SwiftLint

EXTERNAL SOURCES:
  SVGKit:
    :branch: 2.x
    :git: https://github.com/SVGKit/SVGKit.git

CHECKOUT OPTIONS:
  SVGKit:
    :commit: c40671b9a264f8f71831c4e0452736debfae2164
    :git: https://github.com/SVGKit/SVGKit.git

SPEC CHECKSUMS:
  Alamofire: f3b09a368f1582ab751b3fff5460276e0d2cf5c9
  CocoaLumberjack: 543c79c114dadc3b1aba95641d8738b06b05b646
  SDWebImage: 4dc3e42d9ec0c1028b960a33ac6b637bb432207b
  SVGKit: 8a2fc74258bdb2abb54d3b65f3dd68b0277a9c4d
  SwiftLint: 99f82d07b837b942dd563c668de129a03fc3fb52

PODFILE CHECKSUM: 48e19481364e5eb82c48b2b1abcc1e2c1571418a

COCOAPODS: 1.11.2
